
Microsoft Visual Studio Solution File, Format Version 12.00
# Visual Studio Version 17
VisualStudioVersion = 17.8.34525.116
MinimumVisualStudioVersion = 10.0.40219.1
Project("{9A19103F-16F7-4668-BE54-9A1E7A4F7556}") = "CurrencyChekerApi", "CurrencyChekerApi\CurrencyChekerApi.csproj", "{AD567E08-E78C-4700-B410-97EB802B0D25}"
EndProject
Project("{FAE04EC0-301F-11D3-BF4B-00C04F79EFBC}") = "CurrencyChecker.DataAccess", "CurrencyChecker.DataAccess\CurrencyChecker.DataAccess.csproj", "{657F60FA-EA79-4215-8415-5391A4F6A922}"
EndProject
Project("{FAE04EC0-301F-11D3-BF4B-00C04F79EFBC}") = "CurrencyChecker.Domin", "CurrencyChecker.Domin\CurrencyChecker.Domin.csproj", "{186909AA-9ED2-41CB-9F58-5249C5B30FC1}"
EndProject
Global
	GlobalSection(SolutionConfigurationPlatforms) = preSolution
		Debug|Any CPU = Debug|Any CPU
		Release|Any CPU = Release|Any CPU
	EndGlobalSection
	GlobalSection(ProjectConfigurationPlatforms) = postSolution
		{AD567E08-E78C-4700-B410-97EB802B0D25}.Debug|Any CPU.ActiveCfg = Debug|Any CPU
		{AD567E08-E78C-4700-B410-97EB802B0D25}.Debug|Any CPU.Build.0 = Debug|Any CPU
		{AD567E08-E78C-4700-B410-97EB802B0D25}.Release|Any CPU.ActiveCfg = Release|Any CPU
		{AD567E08-E78C-4700-B410-97EB802B0D25}.Release|Any CPU.Build.0 = Release|Any CPU
		{657F60FA-EA79-4215-8415-5391A4F6A922}.Debug|Any CPU.ActiveCfg = Debug|Any CPU
		{657F60FA-EA79-4215-8415-5391A4F6A922}.Debug|Any CPU.Build.0 = Debug|Any CPU
		{657F60FA-EA79-4215-8415-5391A4F6A922}.Release|Any CPU.ActiveCfg = Release|Any CPU
		{657F60FA-EA79-4215-8415-5391A4F6A922}.Release|Any CPU.Build.0 = Release|Any CPU
		{186909AA-9ED2-41CB-9F58-5249C5B30FC1}.Debug|Any CPU.ActiveCfg = Debug|Any CPU
		{186909AA-9ED2-41CB-9F58-5249C5B30FC1}.Debug|Any CPU.Build.0 = Debug|Any CPU
		{186909AA-9ED2-41CB-9F58-5249C5B30FC1}.Release|Any CPU.ActiveCfg = Release|Any CPU
		{186909AA-9ED2-41CB-9F58-5249C5B30FC1}.Release|Any CPU.Build.0 = Release|Any CPU
	EndGlobalSection
	GlobalSection(SolutionProperties) = preSolution
		HideSolutionNode = FALSE
	EndGlobalSection
	GlobalSection(ExtensibilityGlobals) = postSolution
		SolutionGuid = {54989B02-0BA9-414D-9F75-39EEFB884ED6}
	EndGlobalSection
EndGlobal
